// !$*UTF8*$!
{
	archiveVersion = 1;
	classes = {
	};
	objectVersion = 77;
	objects = {

/* Begin PBXBuildFile section */
		3B6249102F738F5200CB444E /* SnapKit in Frameworks */ = {isa = PBXBuildFile; productRef = 3B62490F2F738F5200CB444E /* SnapKit */; };
		3B6249132F738F5C00CB444E /* Then in Frameworks */ = {isa = PBXBuildFile; productRef = 3B6249122F738F5C00CB444E /* Then */; };
		3B6249162F738F6800CB444E /* Alamofire in Frameworks */ = {isa = PBXBuildFile; productRef = 3B6249152F738F6800CB444E /* Alamofire */; };
		3B6249192F738F7300CB444E /* Kingfisher in Frameworks */ = {isa = PBXBuildFile; productRef = 3B6249182F738F7300CB444E /* Kingfisher */; };
		3B62491C2F738F8E00CB444E /* Realm in Frameworks */ = {isa = PBXBuildFile; productRef = 3B62491B2F738F8E00CB444E /* Realm */; };
		3B624A1B2F738FE100CB444E /* KeychainAccess in Frameworks */ = {isa = PBXBuildFile; productRef = 3B624A1A2F738FE100CB444E /* KeychainAccess */; };
		3B624A1E2F738FFA00CB444E /* RxCocoa in Frameworks */ = {isa = PBXBuildFile; productRef = 3B624A1D2F738FFA00CB444E /* RxCocoa */; };
		3B624A202F738FFA00CB444E /* RxSwift in Frameworks */ = {isa = PBXBuildFile; productRef = 3B624A1F2F738FFA00CB444E /* RxSwift */; };
/* End PBXBuildFile section */

/* Begin PBXFileReference section */
		3B6248E62F72E09900CB444E /* FitAlly.app */ = {isa = PBXFileReference; explicitFileType = wrapper.application; includeInIndex = 0; path = FitAlly.app; sourceTree = BUILT_PRODUCTS_DIR; };
/* End PBXFileReference section */

/* Begin PBXFileSystemSynchronizedBuildFileExceptionSet section */
		3B6248F82F72E09B00CB444E /* Exceptions for "FitAlly" folder in "FitAlly" target */ = {
			isa = PBXFileSystemSynchronizedBuildFileExceptionSet;
			membershipExceptions = (
				Info.plist,
			);
			target = 3B6248E52F72E09900CB444E /* FitAlly */;
		};
/* End PBXFileSystemSynchronizedBuildFileExceptionSet section */

/* Begin PBXFileSystemSynchronizedRootGroup section */
		3B6248E82F72E09900CB444E /* FitAlly */ = {
			isa = PBXFileSystemSynchronizedRootGroup;
			exceptions = (
				3B6248F82F72E09B00CB444E /* Exceptions for "FitAlly" folder in "FitAlly" target */,
			);
			path = FitAlly;
			sourceTree = "<group>";
		};
/* End PBXFileSystemSynchronizedRootGroup section */

/* Begin PBXFrameworksBuildPhase section */
		3B6248E32F72E09900CB444E /* Frameworks */ = {
			isa = PBXFrameworksBuildPhase;
			buildActionMask = 2147483647;
			files = (
				3B6249192F738F7300CB444E /* Kingfisher in Frameworks */,
				3B6249162F738F6800CB444E /* Alamofire in Frameworks */,
				3B624A1B2F738FE100CB444E /* KeychainAccess in Frameworks */,
				3B624A1E2F738FFA00CB444E /* RxCocoa in Frameworks */,
				3B6249102F738F5200CB444E /* SnapKit in Frameworks */,
				3B6249132F738F5C00CB444E /* Then in Frameworks */,
				3B624A202F738FFA00CB444E /* RxSwift in Frameworks */,
				3B62491C2F738F8E00CB444E /* Realm in Frameworks */,
			);
			runOnlyForDeploymentPostprocessing = 0;
		};
/* End PBXFrameworksBuildPhase section */

/* Begin PBXGroup section */
		3B6248DD2F72E09900CB444E = {
			isa = PBXGroup;
			children = (
				3B6248E82F72E09900CB444E /* FitAlly */,
				3B6248E72F72E09900CB444E /* Products */,
			);
			sourceTree = "<group>";
		};
		3B6248E72F72E09900CB444E /* Products */ = {
			isa = PBXGroup;
			children = (
				3B6248E62F72E09900CB444E /* FitAlly.app */,
			);
			name = Products;
			sourceTree = "<group>";
		};
/* End PBXGroup section */

/* Begin PBXNativeTarget section */
		3B6248E52F72E09900CB444E /* FitAlly */ = {
			isa = PBXNativeTarget;
			buildConfigurationList = 3B6248F92F72E09B00CB444E /* Build configuration list for PBXNativeTarget "FitAlly" */;
			buildPhases = (
				3B6248E22F72E09900CB444E /* Sources */,
				3B6248E32F72E09900CB444E /* Frameworks */,
				3B6248E42F72E09900CB444E /* Resources */,
			);
			buildRules = (
			);
			dependencies = (
			);
			fileSystemSynchronizedGroups = (
				3B6248E82F72E09900CB444E /* FitAlly */,
			);
			name = FitAlly;
			packageProductDependencies = (
				3B62490F2F738F5200CB444E /* SnapKit */,
				3B6249122F738F5C00CB444E /* Then */,
				3B6249152F738F6800CB444E /* Alamofire */,
				3B6249182F738F7300CB444E /* Kingfisher */,
				3B62491B2F738F8E00CB444E /* Realm */,
				3B624A1A2F738FE100CB444E /* KeychainAccess */,
				3B624A1D2F738FFA00CB444E /* RxCocoa */,
				3B624A1F2F738FFA00CB444E /* RxSwift */,
			);
			productName = FitAlly;
			productReference = 3B6248E62F72E09900CB444E /* FitAlly.app */;
			productType = "com.apple.product-type.application";
		};
/* End PBXNativeTarget section */

/* Begin PBXProject section */
		3B6248DE2F72E09900CB444E /* Project object */ = {
			isa = PBXProject;
			attributes = {
				BuildIndependentTargetsInParallel = 1;
				LastSwiftUpdateCheck = 2600;
				LastUpgradeCheck = 2600;
				TargetAttributes = {
					3B6248E52F72E09900CB444E = {
						CreatedOnToolsVersion = 26.0.1;
					};
				};
			};
			buildConfigurationList = 3B6248E12F72E09900CB444E /* Build configuration list for PBXProject "FitAlly" */;
			developmentRegion = en;
			hasScannedForEncodings = 0;
			knownRegions = (
				en,
				Base,
			);
			mainGroup = 3B6248DD2F72E09900CB444E;
			minimizedProjectReferenceProxies = 1;
			packageReferences = (
				3B62490E2F738F5200CB444E /* XCRemoteSwiftPackageReference "SnapKit" */,
				3B6249112F738F5C00CB444E /* XCRemoteSwiftPackageReference "Then" */,
				3B6249142F738F6800CB444E /* XCRemoteSwiftPackageReference "Alamofire" */,
				3B6249172F738F7300CB444E /* XCRemoteSwiftPackageReference "Kingfisher" */,
				3B62491A2F738F8E00CB444E /* XCRemoteSwiftPackageReference "realm-swift" */,
				3B624A192F738FE100CB444E /* XCRemoteSwiftPackageReference "KeychainAccess" */,
				3B624A1C2F738FFA00CB444E /* XCRemoteSwiftPackageReference "RxSwift" */,
			);
			preferredProjectObjectVersion = 77;
			productRefGroup = 3B6248E72F72E09900CB444E /* Products */;
			projectDirPath = "";
			projectRoot = "";
			targets = (
				3B6248E52F72E09900CB444E /* FitAlly */,
			);
		};
/* End PBXProject section */

/* Begin PBXResourcesBuildPhase section */
		3B6248E42F72E09900CB444E /* Resources */ = {
			isa = PBXResourcesBuildPhase;
			buildActionMask = 2147483647;
			files = (
			);
			runOnlyForDeploymentPostprocessing = 0;
		};
/* End PBXResourcesBuildPhase section */

/* Begin PBXSourcesBuildPhase section */
		3B6248E22F72E09900CB444E /* Sources */ = {
			isa = PBXSourcesBuildPhase;
			buildActionMask = 2147483647;
			files = (
			);
			runOnlyForDeploymentPostprocessing = 0;
		};
/* End PBXSourcesBuildPhase section */

/* Begin XCBuildConfiguration section */
		3B6248FA2F72E09B00CB444E /* Debug */ = {
			isa = XCBuildConfiguration;
			buildSettings = {
				ASSETCATALOG_COMPILER_APPICON_NAME = AppIcon;
				ASSETCATALOG_COMPILER_GLOBAL_ACCENT_COLOR_NAME = AccentColor;
				CODE_SIGN_STYLE = Automatic;
				CURRENT_PROJECT_VERSION = 1;
				DEVELOPMENT_TEAM = 5CKD3N685F;
				GENERATE_INFOPLIST_FILE = YES;
				INFOPLIST_FILE = FitAlly/Info.plist;
				INFOPLIST_KEY_UIApplicationSupportsIndirectInputEvents = YES;
				INFOPLIST_KEY_UILaunchStoryboardName = LaunchScreen;
				INFOPLIST_KEY_UIMainStoryboardFile = "";
				INFOPLIST_KEY_UISupportedInterfaceOrientations_iPad = "UIInterfaceOrientationPortrait UIInterfaceOrientationPortraitUpsideDown UIInterfaceOrientationLandscapeLeft UIInterfaceOrientationLandscapeRight";
				INFOPLIST_KEY_UISupportedInterfaceOrientations_iPhone = "UIInterfaceOrientationPortrait UIInterfaceOrientationLandscapeLeft UIInterfaceOrientationLandscapeRight";
				IPHONEOS_DEPLOYMENT_TARGET = 16.0;
				LD_RUNPATH_SEARCH_PATHS = (
					"$(inherited)",
					"@executable_path/Frameworks",
				);
				MARKETING_VERSION = 1.0;
				PRODUCT_BUNDLE_IDENTIFIER = com.jiyong.FitAlly;
				PRODUCT_NAME = "$(TARGET_NAME)";
				STRING_CATALOG_GENERATE_SYMBOLS = YES;
				SUPPORTED_PLATFORMS = "iphoneos iphonesimulator";
				SUPPORTS_MACCATALYST = NO;
				SUPPORTS_MAC_DESIGNED_FOR_IPHONE_IPAD = NO;
				SUPPORTS_XR_DESIGNED_FOR_IPHONE_IPAD = NO;
				SWIFT_APPROACHABLE_CONCURRENCY = YES;
				SWIFT_DEFAULT_ACTOR_ISOLATION = MainActor;
				SWIFT_EMIT_LOC_STRINGS = YES;
				SWIFT_UPCOMING_FEATURE_MEMBER_IMPORT_VISIBILITY = YES;
				SWIFT_VERSION = 5.0;
				TARGETED_DEVICE_FAMILY = 1;
			};
			name = Debug;
		};
		3B6248FB2F72E09B00CB444E /* Release */ = {
			isa = XCBuildConfiguration;
			buildSettings = {
				ASSETCATALOG_COMPILER_APPICON_NAME = AppIcon;
				ASSETCATALOG_COMPILER_GLOBAL_ACCENT_COLOR_NAME = AccentColor;
				CODE_SIGN_STYLE = Automatic;
				CURRENT_PROJECT_VERSION = 1;
				DEVELOPMENT_TEAM = 5CKD3N685F;
				GENERATE_INFOPLIST_FILE = YES;
				INFOPLIST_FILE = FitAlly/Info.plist;
				INFOPLIST_KEY_UIApplicationSupportsIndirectInputEvents = YES;
				INFOPLIST_KEY_UILaunchStoryboardName = LaunchScreen;
				INFOPLIST_KEY_UIMainStoryboardFile = "";
				INFOPLIST_KEY_UISupportedInterfaceOrientations_iPad = "UIInterfaceOrientationPortrait UIInterfaceOrientationPortraitUpsideDown UIInterfaceOrientationLandscapeLeft UIInterfaceOrientationLandscapeRight";
				INFOPLIST_KEY_UISupportedInterfaceOrientations_iPhone = "UIInterfaceOrientationPortrait UIInterfaceOrientationLandscapeLeft UIInterfaceOrientationLandscapeRight";
				IPHONEOS_DEPLOYMENT_TARGET = 16.0;
				LD_RUNPATH_SEARCH_PATHS = (
					"$(inherited)",
					"@executable_path/Frameworks",
				);
				MARKETING_VERSION = 1.0;
				PRODUCT_BUNDLE_IDENTIFIER = com.jiyong.FitAlly;
				PRODUCT_NAME = "$(TARGET_NAME)";
				STRING_CATALOG_GENERATE_SYMBOLS = YES;
				SUPPORTED_PLATFORMS = "iphoneos iphonesimulator";
				SUPPORTS_MACCATALYST = NO;
				SUPPORTS_MAC_DESIGNED_FOR_IPHONE_IPAD = NO;
				SUPPORTS_XR_DESIGNED_FOR_IPHONE_IPAD = NO;
				SWIFT_APPROACHABLE_CONCURRENCY = YES;
				SWIFT_DEFAULT_ACTOR_ISOLATION = MainActor;
				SWIFT_EMIT_LOC_STRINGS = YES;
				SWIFT_UPCOMING_FEATURE_MEMBER_IMPORT_VISIBILITY = YES;
				SWIFT_VERSION = 5.0;
				TARGETED_DEVICE_FAMILY = 1;
			};
			name = Release;
		};
		3B6248FC2F72E09B00CB444E /* Debug */ = {
			isa = XCBuildConfiguration;
			buildSettings = {
				ALWAYS_SEARCH_USER_PATHS = NO;
				ASSETCATALOG_COMPILER_GENERATE_SWIFT_ASSET_SYMBOL_EXTENSIONS = YES;
				CLANG_ANALYZER_NONNULL = YES;
				CLANG_ANALYZER_NUMBER_OBJECT_CONVERSION = YES_AGGRESSIVE;
				CLANG_CXX_LANGUAGE_STANDARD = "gnu++20";
				CLANG_ENABLE_MODULES = YES;
				CLANG_ENABLE_OBJC_ARC = YES;
				CLANG_ENABLE_OBJC_WEAK = YES;
				CLANG_WARN_BLOCK_CAPTURE_AUTORELEASING = YES;
				CLANG_WARN_BOOL_CONVERSION = YES;
				CLANG_WARN_COMMA = YES;
				CLANG_WARN_CONSTANT_CONVERSION = YES;
				CLANG_WARN_DEPRECATED_OBJC_IMPLEMENTATIONS = YES;
				CLANG_WARN_DIRECT_OBJC_ISA_USAGE = YES_ERROR;
				CLANG_WARN_DOCUMENTATION_COMMENTS = YES;
				CLANG_WARN_EMPTY_BODY = YES;
				CLANG_WARN_ENUM_CONVERSION = YES;
				CLANG_WARN_INFINITE_RECURSION = YES;
				CLANG_WARN_INT_CONVERSION = YES;
				CLANG_WARN_NON_LITERAL_NULL_CONVERSION = YES;
				CLANG_WARN_OBJC_IMPLICIT_RETAIN_SELF = YES;
				CLANG_WARN_OBJC_LITERAL_CONVERSION = YES;
				CLANG_WARN_OBJC_ROOT_CLASS = YES_ERROR;
				CLANG_WARN_QUOTED_INCLUDE_IN_FRAMEWORK_HEADER = YES;
				CLANG_WARN_RANGE_LOOP_ANALYSIS = YES;
				CLANG_WARN_STRICT_PROTOTYPES = YES;
				CLANG_WARN_SUSPICIOUS_MOVE = YES;
				CLANG_WARN_UNGUARDED_AVAILABILITY = YES_AGGRESSIVE;
				CLANG_WARN_UNREACHABLE_CODE = YES;
				CLANG_WARN__DUPLICATE_METHOD_MATCH = YES;
				COPY_PHASE_STRIP = NO;
				DEBUG_INFORMATION_FORMAT = dwarf;
				DEVELOPMENT_TEAM = 5CKD3N685F;
				ENABLE_STRICT_OBJC_MSGSEND = YES;
				ENABLE_TESTABILITY = YES;
				ENABLE_USER_SCRIPT_SANDBOXING = YES;
				GCC_C_LANGUAGE_STANDARD = gnu17;
				GCC_DYNAMIC_NO_PIC = NO;
				GCC_NO_COMMON_BLOCKS = YES;
				GCC_OPTIMIZATION_LEVEL = 0;
				GCC_PREPROCESSOR_DEFINITIONS = (
					"DEBUG=1",
					"$(inherited)",
				);
				GCC_WARN_64_TO_32_BIT_CONVERSION = YES;
				GCC_WARN_ABOUT_RETURN_TYPE = YES_ERROR;
				GCC_WARN_UNDECLARED_SELECTOR = YES;
				GCC_WARN_UNINITIALIZED_AUTOS = YES_AGGRESSIVE;
				GCC_WARN_UNUSED_FUNCTION = YES;
				GCC_WARN_UNUSED_VARIABLE = YES;
				IPHONEOS_DEPLOYMENT_TARGET = 26.0;
				LOCALIZATION_PREFERS_STRING_CATALOGS = YES;
				MTL_ENABLE_DEBUG_INFO = INCLUDE_SOURCE;
				MTL_FAST_MATH = YES;
				ONLY_ACTIVE_ARCH = YES;
				SDKROOT = iphoneos;
				SWIFT_ACTIVE_COMPILATION_CONDITIONS = "DEBUG $(inherited)";
				SWIFT_OPTIMIZATION_LEVEL = "-Onone";
			};
			name = Debug;
		};
		3B6248FD2F72E09B00CB444E /* Release */ = {
			isa = XCBuildConfiguration;
			buildSettings = {
				ALWAYS_SEARCH_USER_PATHS = NO;
				ASSETCATALOG_COMPILER_GENERATE_SWIFT_ASSET_SYMBOL_EXTENSIONS = YES;
				CLANG_ANALYZER_NONNULL = YES;
				CLANG_ANALYZER_NUMBER_OBJECT_CONVERSION = YES_AGGRESSIVE;
				CLANG_CXX_LANGUAGE_STANDARD = "gnu++20";
				CLANG_ENABLE_MODULES = YES;
				CLANG_ENABLE_OBJC_ARC = YES;
				CLANG_ENABLE_OBJC_WEAK = YES;
				CLANG_WARN_BLOCK_CAPTURE_AUTORELEASING = YES;
				CLANG_WARN_BOOL_CONVERSION = YES;
				CLANG_WARN_COMMA = YES;
				CLANG_WARN_CONSTANT_CONVERSION = YES;
				CLANG_WARN_DEPRECATED_OBJC_IMPLEMENTATIONS = YES;
				CLANG_WARN_DIRECT_OBJC_ISA_USAGE = YES_ERROR;
				CLANG_WARN_DOCUMENTATION_COMMENTS = YES;
				CLANG_WARN_EMPTY_BODY = YES;
				CLANG_WARN_ENUM_CONVERSION = YES;
				CLANG_WARN_INFINITE_RECURSION = YES;
				CLANG_WARN_INT_CONVERSION = YES;
				CLANG_WARN_NON_LITERAL_NULL_CONVERSION = YES;
				CLANG_WARN_OBJC_IMPLICIT_RETAIN_SELF = YES;
				CLANG_WARN_OBJC_LITERAL_CONVERSION = YES;
				CLANG_WARN_OBJC_ROOT_CLASS = YES_ERROR;
				CLANG_WARN_QUOTED_INCLUDE_IN_FRAMEWORK_HEADER = YES;
				CLANG_WARN_RANGE_LOOP_ANALYSIS = YES;
				CLANG_WARN_STRICT_PROTOTYPES = YES;
				CLANG_WARN_SUSPICIOUS_MOVE = YES;
				CLANG_WARN_UNGUARDED_AVAILABILITY = YES_AGGRESSIVE;
				CLANG_WARN_UNREACHABLE_CODE = YES;
				CLANG_WARN__DUPLICATE_METHOD_MATCH = YES;
				COPY_PHASE_STRIP = NO;
				DEBUG_INFORMATION_FORMAT = "dwarf-with-dsym";
				DEVELOPMENT_TEAM = 5CKD3N685F;
				ENABLE_NS_ASSERTIONS = NO;
				ENABLE_STRICT_OBJC_MSGSEND = YES;
				ENABLE_USER_SCRIPT_SANDBOXING = YES;
				GCC_C_LANGUAGE_STANDARD = gnu17;
				GCC_NO_COMMON_BLOCKS = YES;
				GCC_WARN_64_TO_32_BIT_CONVERSION = YES;
				GCC_WARN_ABOUT_RETURN_TYPE = YES_ERROR;
				GCC_WARN_UNDECLARED_SELECTOR = YES;
				GCC_WARN_UNINITIALIZED_AUTOS = YES_AGGRESSIVE;
				GCC_WARN_UNUSED_FUNCTION = YES;
				GCC_WARN_UNUSED_VARIABLE = YES;
				IPHONEOS_DEPLOYMENT_TARGET = 26.0;
				LOCALIZATION_PREFERS_STRING_CATALOGS = YES;
				MTL_ENABLE_DEBUG_INFO = NO;
				MTL_FAST_MATH = YES;
				SDKROOT = iphoneos;
				SWIFT_COMPILATION_MODE = wholemodule;
				VALIDATE_PRODUCT = YES;
			};
			name = Release;
		};
/* End XCBuildConfiguration section */

/* Begin XCConfigurationList section */
		3B6248E12F72E09900CB444E /* Build configuration list for PBXProject "FitAlly" */ = {
			isa = XCConfigurationList;
			buildConfigurations = (
				3B6248FC2F72E09B00CB444E /* Debug */,
				3B6248FD2F72E09B00CB444E /* Release */,
			);
			defaultConfigurationIsVisible = 0;
			defaultConfigurationName = Release;
		};
		3B6248F92F72E09B00CB444E /* Build configuration list for PBXNativeTarget "FitAlly" */ = {
			isa = XCConfigurationList;
			buildConfigurations = (
				3B6248FA2F72E09B00CB444E /* Debug */,
				3B6248FB2F72E09B00CB444E /* Release */,
			);
			defaultConfigurationIsVisible = 0;
			defaultConfigurationName = Release;
		};
/* End XCConfigurationList section */

/* Begin XCRemoteSwiftPackageReference section */
		3B62490E2F738F5200CB444E /* XCRemoteSwiftPackageReference "SnapKit" */ = {
			isa = XCRemoteSwiftPackageReference;
			repositoryURL = "https://github.com/SnapKit/SnapKit.git";
			requirement = {
				kind = upToNextMajorVersion;
				minimumVersion = 5.7.1;
			};
		};
		3B6249112F738F5C00CB444E /* XCRemoteSwiftPackageReference "Then" */ = {
			isa = XCRemoteSwiftPackageReference;
			repositoryURL = "https://github.com/devxoul/Then.git";
			requirement = {
				kind = upToNextMajorVersion;
				minimumVersion = 3.0.0;
			};
		};
		3B6249142F738F6800CB444E /* XCRemoteSwiftPackageReference "Alamofire" */ = {
			isa = XCRemoteSwiftPackageReference;
			repositoryURL = "https://github.com/Alamofire/Alamofire.git";
			requirement = {
				kind = upToNextMajorVersion;
				minimumVersion = 5.11.1;
			};
		};
		3B6249172F738F7300CB444E /* XCRemoteSwiftPackageReference "Kingfisher" */ = {
			isa = XCRemoteSwiftPackageReference;
			repositoryURL = "https://github.com/onevcat/Kingfisher.git";
			requirement = {
				kind = upToNextMajorVersion;
				minimumVersion = 8.8.0;
			};
		};
		3B62491A2F738F8E00CB444E /* XCRemoteSwiftPackageReference "realm-swift" */ = {
			isa = XCRemoteSwiftPackageReference;
			repositoryURL = "https://github.com/realm/realm-swift.git";
			requirement = {
				kind = exactVersion;
				version = 20.0.3;
			};
		};
		3B624A192F738FE100CB444E /* XCRemoteSwiftPackageReference "KeychainAccess" */ = {
			isa = XCRemoteSwiftPackageReference;
			repositoryURL = "https://github.com/kishikawakatsumi/KeychainAccess.git";
			requirement = {
				branch = master;
				kind = branch;
			};
		};
		3B624A1C2F738FFA00CB444E /* XCRemoteSwiftPackageReference "RxSwift" */ = {
			isa = XCRemoteSwiftPackageReference;
			repositoryURL = "https://github.com/ReactiveX/RxSwift.git";
			requirement = {
				kind = upToNextMajorVersion;
				minimumVersion = 6.10.2;
			};
		};
/* End XCRemoteSwiftPackageReference section */

/* Begin XCSwiftPackageProductDependency section */
		3B62490F2F738F5200CB444E /* SnapKit */ = {
			isa = XCSwiftPackageProductDependency;
			package = 3B62490E2F738F5200CB444E /* XCRemoteSwiftPackageReference "SnapKit" */;
			productName = SnapKit;
		};
		3B6249122F738F5C00CB444E /* Then */ = {
			isa = XCSwiftPackageProductDependency;
			package = 3B6249112F738F5C00CB444E /* XCRemoteSwiftPackageReference "Then" */;
			productName = Then;
		};
		3B6249152F738F6800CB444E /* Alamofire */ = {
			isa = XCSwiftPackageProductDependency;
			package = 3B6249142F738F6800CB444E /* XCRemoteSwiftPackageReference "Alamofire" */;
			productName = Alamofire;
		};
		3B6249182F738F7300CB444E /* Kingfisher */ = {
			isa = XCSwiftPackageProductDependency;
			package = 3B6249172F738F7300CB444E /* XCRemoteSwiftPackageReference "Kingfisher" */;
			productName = Kingfisher;
		};
		3B62491B2F738F8E00CB444E /* Realm */ = {
			isa = XCSwiftPackageProductDependency;
			package = 3B62491A2F738F8E00CB444E /* XCRemoteSwiftPackageReference "realm-swift" */;
			productName = Realm;
		};
		3B624A1A2F738FE100CB444E /* KeychainAccess */ = {
			isa = XCSwiftPackageProductDependency;
			package = 3B624A192F738FE100CB444E /* XCRemoteSwiftPackageReference "KeychainAccess" */;
			productName = KeychainAccess;
		};
		3B624A1D2F738FFA00CB444E /* RxCocoa */ = {
			isa = XCSwiftPackageProductDependency;
			package = 3B624A1C2F738FFA00CB444E /* XCRemoteSwiftPackageReference "RxSwift" */;
			productName = RxCocoa;
		};
		3B624A1F2F738FFA00CB444E /* RxSwift */ = {
			isa = XCSwiftPackageProductDependency;
			package = 3B624A1C2F738FFA00CB444E /* XCRemoteSwiftPackageReference "RxSwift" */;
			productName = RxSwift;
		};
/* End XCSwiftPackageProductDependency section */
	};
	rootObject = 3B6248DE2F72E09900CB444E /* Project object */;
}
